PODS:
  - DMHotelFramework (0.0.1)

DEPENDENCIES:
  - DMHotelFramework (from `https://github.com/dafanjul/DMHotelFramework.git`)

EXTERNAL SOURCES:
  DMHotelFramework:
    :git: https://github.com/dafanjul/DMHotelFramework.git

CHECKOUT OPTIONS:
  DMHotelFramework:
    :commit: 946f61e97b4ece279658a85d61fd006282b31828
    :git: https://github.com/dafanjul/DMHotelFramework.git

SPEC CHECKSUMS:
  DMHotelFramework: 49b58c1028d4eaa7d5f8529d31b74387b54ec7ed

COCOAPODS: 0.37.2
